
Microsoft Visual Studio Solution File, Format Version 9.00
# Visual Studio 2005
Project("{8BC9CEB8-8B4A-11D0-8D11-00A0C91BC942}") = "Crepair", "Crepair\Crepair.vcproj", "{3E5E91B1-3B7A-491B-9057-43EFAB725FDA}"
EndProject
Global
	GlobalSection(SolutionConfigurationPlatforms) = preSolution
		Debug|Win32 = Debug|Win32
		Release|Win32 = Release|Win32
	EndGlobalSection
	GlobalSection(ProjectConfigurationPlatforms) = postSolution
		{3E5E91B1-3B7A-491B-9057-43EFAB725FDA}.Debug|Win32.ActiveCfg = Debug|Win32
		{3E5E91B1-3B7A-491B-9057-43EFAB725FDA}.Debug|Win32.Build.0 = Debug|Win32
		{3E5E91B1-3B7A-491B-9057-43EFAB725FDA}.Release|Win32.ActiveCfg = Release|Win32
		{3E5E91B1-3B7A-491B-9057-43EFAB725FDA}.Release|Win32.Build.0 = Release|Win32
	EndGlobalSection
	GlobalSection(SolutionProperties) = preSolution
		HideSolutionNode = FALSE
	EndGlobalSection
EndGlobal
